
Microsoft Visual Studio Solution File, Format Version 12.00
# Visual Studio Version 17
VisualStudioVersion = 17.8.34525.116
MinimumVisualStudioVersion = 10.0.40219.1
Project("{2150E333-8FDC-42A3-9474-1A3956D46DE8}") = "src", "src", "{13890B5C-492D-46F1-93DB-F8DC60C4EE6D}"
EndProject
Project("{2150E333-8FDC-42A3-9474-1A3956D46DE8}") = "test", "test", "{9F92E0EF-638F-453A-AF13-3F627E9EB1DF}"
EndProject
Project("{9A19103F-16F7-4668-BE54-9A1E7A4F7556}") = "OrdersWeb.Api.Test", "OrdersWeb.Api.Test\OrdersWeb.Api.Test.csproj", "{578AB6F6-F013-4117-BEEE-3F91092554FE}"
EndProject
Project("{9A19103F-16F7-4668-BE54-9A1E7A4F7556}") = "OrdersWeb.Api", "OrdersWeb.Api\OrdersWeb.Api.csproj", "{C014FDBC-E04D-4DFC-B726-C41F827213D2}"
EndProject
Global
	GlobalSection(SolutionConfigurationPlatforms) = preSolution
		Debug|Any CPU = Debug|Any CPU
		Release|Any CPU = Release|Any CPU
	EndGlobalSection
	GlobalSection(ProjectConfigurationPlatforms) = postSolution
		{578AB6F6-F013-4117-BEEE-3F91092554FE}.Debug|Any CPU.ActiveCfg = Debug|Any CPU
		{578AB6F6-F013-4117-BEEE-3F91092554FE}.Debug|Any CPU.Build.0 = Debug|Any CPU
		{578AB6F6-F013-4117-BEEE-3F91092554FE}.Release|Any CPU.ActiveCfg = Release|Any CPU
		{578AB6F6-F013-4117-BEEE-3F91092554FE}.Release|Any CPU.Build.0 = Release|Any CPU
		{C014FDBC-E04D-4DFC-B726-C41F827213D2}.Debug|Any CPU.ActiveCfg = Debug|Any CPU
		{C014FDBC-E04D-4DFC-B726-C41F827213D2}.Debug|Any CPU.Build.0 = Debug|Any CPU
		{C014FDBC-E04D-4DFC-B726-C41F827213D2}.Release|Any CPU.ActiveCfg = Release|Any CPU
		{C014FDBC-E04D-4DFC-B726-C41F827213D2}.Release|Any CPU.Build.0 = Release|Any CPU
	EndGlobalSection
	GlobalSection(SolutionProperties) = preSolution
		HideSolutionNode = FALSE
	EndGlobalSection
	GlobalSection(NestedProjects) = preSolution
		{578AB6F6-F013-4117-BEEE-3F91092554FE} = {9F92E0EF-638F-453A-AF13-3F627E9EB1DF}
		{C014FDBC-E04D-4DFC-B726-C41F827213D2} = {13890B5C-492D-46F1-93DB-F8DC60C4EE6D}
	EndGlobalSection
	GlobalSection(ExtensibilityGlobals) = postSolution
		SolutionGuid = {2CD6C90E-2890-46E8-BB56-82F3DEFC6FB5}
	EndGlobalSection
EndGlobal
